
Microsoft Visual Studio Solution File, Format Version 12.00
# Visual Studio Version 16
VisualStudioVersion = 16.0.30413.136
MinimumVisualStudioVersion = 10.0.40219.1
Project("{FAE04EC0-301F-11D3-BF4B-00C04F79EFBC}") = "ProjektSkola0705", "ProjektSkola0705\ProjektSkola0705.csproj", "{019DDA14-84EE-466D-AB7D-DCCBDBE5C155}"
EndProject
Global
	GlobalSection(SolutionConfigurationPlatforms) = preSolution
		Debug|Any CPU = Debug|Any CPU
		Release|Any CPU = Release|Any CPU
	EndGlobalSection
	GlobalSection(ProjectConfigurationPlatforms) = postSolution
		{019DDA14-84EE-466D-AB7D-DCCBDBE5C155}.Debug|Any CPU.ActiveCfg = Debug|Any CPU
		{019DDA14-84EE-466D-AB7D-DCCBDBE5C155}.Debug|Any CPU.Build.0 = Debug|Any CPU
		{019DDA14-84EE-466D-AB7D-DCCBDBE5C155}.Release|Any CPU.ActiveCfg = Release|Any CPU
		{019DDA14-84EE-466D-AB7D-DCCBDBE5C155}.Release|Any CPU.Build.0 = Release|Any CPU
	EndGlobalSection
	GlobalSection(SolutionProperties) = preSolution
		HideSolutionNode = FALSE
	EndGlobalSection
	GlobalSection(ExtensibilityGlobals) = postSolution
		SolutionGuid = {B954F25C-7F4B-47A0-95DF-73D3FA44CA63}
	EndGlobalSection
EndGlobal
